// !$*UTF8*$!
{
	archiveVersion = 1;
	classes = {
	};
	objectVersion = 46;
	objects = {

/* Begin PBXBuildFile section */
		E01189F41E00F19700C9E3ED /* main.m in Sources */ = {isa = PBXBuildFile; fileRef = E01189F31E00F19700C9E3ED /* main.m */; };
		E01189F71E00F19700C9E3ED /* AppDelegate.m in Sources */ = {isa = PBXBuildFile; fileRef = E01189F61E00F19700C9E3ED /* AppDelegate.m */; };
		E01189FA1E00F19700C9E3ED /* ViewController.m in Sources */ = {isa = PBXBuildFile; fileRef = E01189F91E00F19700C9E3ED /* ViewController.m */; };
		E01189FD1E00F19700C9E3ED /* Main.storyboard in Resources */ = {isa = PBXBuildFile; fileRef = E01189FB1E00F19700C9E3ED /* Main.storyboard */; };
		E01189FF1E00F19700C9E3ED /* Assets.xcassets in Resources */ = {isa = PBXBuildFile; fileRef = E01189FE1E00F19700C9E3ED /* Assets.xcassets */; };
		E0118A021E00F19700C9E3ED /* LaunchScreen.storyboard in Resources */ = {isa = PBXBuildFile; fileRef = E0118A001E00F19700C9E3ED /* LaunchScreen.storyboard */; };
		E04EEF4F1E125F8800AE5809 /* UITableView+SDAutoTableViewCellHeight.m in Sources */ = {isa = PBXBuildFile; fileRef = E04EEF4C1E125F8800AE5809 /* UITableView+SDAutoTableViewCellHeight.m */; };
		E04EEF501E125F8800AE5809 /* UIView+SDAutoLayout.m in Sources */ = {isa = PBXBuildFile; fileRef = E04EEF4E1E125F8800AE5809 /* UIView+SDAutoLayout.m */; };
		E08839331E1351E2009198A4 /* CRNetTool.m in Sources */ = {isa = PBXBuildFile; fileRef = E08839321E1351E2009198A4 /* CRNetTool.m */; };
		E08839361E1368E0009198A4 /* MOAParamModel.m in Sources */ = {isa = PBXBuildFile; fileRef = E08839351E1368E0009198A4 /* MOAParamModel.m */; };
		E088395E1E138E07009198A4 /* AFHTTPSessionManager.m in Sources */ = {isa = PBXBuildFile; fileRef = E08839501E138E07009198A4 /* AFHTTPSessionManager.m */; };
		E088395F1E138E07009198A4 /* AFNetworkActivityIndicatorManager.m in Sources */ = {isa = PBXBuildFile; fileRef = E08839521E138E07009198A4 /* AFNetworkActivityIndicatorManager.m */; };
		E08839601E138E07009198A4 /* AFNetworkReachabilityManager.m in Sources */ = {isa = PBXBuildFile; fileRef = E08839551E138E07009198A4 /* AFNetworkReachabilityManager.m */; };
		E08839611E138E07009198A4 /* AFSecurityPolicy.m in Sources */ = {isa = PBXBuildFile; fileRef = E08839571E138E07009198A4 /* AFSecurityPolicy.m */; };
		E08839621E138E07009198A4 /* AFURLRequestSerialization.m in Sources */ = {isa = PBXBuildFile; fileRef = E08839591E138E07009198A4 /* AFURLRequestSerialization.m */; };
		E08839631E138E07009198A4 /* AFURLResponseSerialization.m in Sources */ = {isa = PBXBuildFile; fileRef = E088395B1E138E07009198A4 /* AFURLResponseSerialization.m */; };
		E08839641E138E07009198A4 /* AFURLSessionManager.m in Sources */ = {isa = PBXBuildFile; fileRef = E088395D1E138E07009198A4 /* AFURLSessionManager.m */; };
		E0ACC01C1E012DDF005FD9B2 /* LoginVC.m in Sources */ = {isa = PBXBuildFile; fileRef = E0ACC01B1E012DDF005FD9B2 /* LoginVC.m */; };
		E0ACC0311E0139E1005FD9B2 /* BaseNav.m in Sources */ = {isa = PBXBuildFile; fileRef = E0ACC0301E0139E1005FD9B2 /* BaseNav.m */; };
		E0ACC0391E0142F0005FD9B2 /* HomeVC.m in Sources */ = {isa = PBXBuildFile; fileRef = E0ACC0381E0142F0005FD9B2 /* HomeVC.m */; };
		E0ACC03C1E01470B005FD9B2 /* LoginModel.m in Sources */ = {isa = PBXBuildFile; fileRef = E0ACC03B1E01470B005FD9B2 /* LoginModel.m */; };
		E0ACC03F1E014722005FD9B2 /* LoginView.m in Sources */ = {isa = PBXBuildFile; fileRef = E0ACC03E1E014722005FD9B2 /* LoginView.m */; };
		E0E6D5751E13A717004CE190 /* CXMLDocument_CreationExtensions.m in Sources */ = {isa = PBXBuildFile; fileRef = E0E6D5581E13A717004CE190 /* CXMLDocument_CreationExtensions.m */; };
		E0E6D5761E13A717004CE190 /* CXMLNode_CreationExtensions.m in Sources */ = {isa = PBXBuildFile; fileRef = E0E6D55A1E13A717004CE190 /* CXMLNode_CreationExtensions.m */; };
		E0E6D5771E13A717004CE190 /* CXHTMLDocument.m in Sources */ = {isa = PBXBuildFile; fileRef = E0E6D55C1E13A717004CE190 /* CXHTMLDocument.m */; };
		E0E6D5781E13A717004CE190 /* CXMLDocument.m in Sources */ = {isa = PBXBuildFile; fileRef = E0E6D55E1E13A717004CE190 /* CXMLDocument.m */; };
		E0E6D5791E13A717004CE190 /* CXMLDocument_PrivateExtensions.m in Sources */ = {isa = PBXBuildFile; fileRef = E0E6D5601E13A717004CE190 /* CXMLDocument_PrivateExtensions.m */; };
		E0E6D57A1E13A717004CE190 /* CXMLElement.m in Sources */ = {isa = PBXBuildFile; fileRef = E0E6D5621E13A717004CE190 /* CXMLElement.m */; };
		E0E6D57B1E13A717004CE190 /* CXMLElement_CreationExtensions.m in Sources */ = {isa = PBXBuildFile; fileRef = E0E6D5641E13A717004CE190 /* CXMLElement_CreationExtensions.m */; };
		E0E6D57C1E13A717004CE190 /* CXMLElement_ElementTreeExtensions.m in Sources */ = {isa = PBXBuildFile; fileRef = E0E6D5661E13A717004CE190 /* CXMLElement_ElementTreeExtensions.m */; };
		E0E6D57D1E13A717004CE190 /* CXMLNamespaceNode.m in Sources */ = {isa = PBXBuildFile; fileRef = E0E6D5681E13A717004CE190 /* CXMLNamespaceNode.m */; };
		E0E6D57E1E13A717004CE190 /* CXMLNode.m in Sources */ = {isa = PBXBuildFile; fileRef = E0E6D56A1E13A717004CE190 /* CXMLNode.m */; };
		E0E6D57F1E13A717004CE190 /* CXMLNode_PrivateExtensions.m in Sources */ = {isa = PBXBuildFile; fileRef = E0E6D56C1E13A717004CE190 /* CXMLNode_PrivateExtensions.m */; };
		E0E6D5801E13A717004CE190 /* CXMLNode_XPathExtensions.m in Sources */ = {isa = PBXBuildFile; fileRef = E0E6D56E1E13A717004CE190 /* CXMLNode_XPathExtensions.m */; };
		E0E6D5811E13A717004CE190 /* CXMLUnsupportedNode.m in Sources */ = {isa = PBXBuildFile; fileRef = E0E6D5701E13A717004CE190 /* CXMLUnsupportedNode.m */; };
		E0E6D5821E13A717004CE190 /* CTidy.m in Sources */ = {isa = PBXBuildFile; fileRef = E0E6D5731E13A717004CE190 /* CTidy.m */; };
		E0E6D5851E13B983004CE190 /* LoginParser.m in Sources */ = {isa = PBXBuildFile; fileRef = E0E6D5841E13B983004CE190 /* LoginParser.m */; };
/* End PBXBuildFile section */

/* Begin PBXFileReference section */
		E01189EF1E00F19700C9E3ED /* WCR-MOA.app */ = {isa = PBXFileReference; explicitFileType = wrapper.application; includeInIndex = 0; path = "WCR-MOA.app"; sourceTree = BUILT_PRODUCTS_DIR; };
		E01189F31E00F19700C9E3ED /* main.m */ = {isa = PBXFileReference; lastKnownFileType = sourcecode.c.objc; path = main.m; sourceTree = "<group>"; };
		E01189F51E00F19700C9E3ED /* AppDelegate.h */ = {isa = PBXFileReference; lastKnownFileType = sourcecode.c.h; path = AppDelegate.h; sourceTree = "<group>"; };
		E01189F61E00F19700C9E3ED /* AppDelegate.m */ = {isa = PBXFileReference; lastKnownFileType = sourcecode.c.objc; path = AppDelegate.m; sourceTree = "<group>"; };
		E01189F81E00F19700C9E3ED /* ViewController.h */ = {isa = PBXFileReference; lastKnownFileType = sourcecode.c.h; path = ViewController.h; sourceTree = "<group>"; };
		E01189F91E00F19700C9E3ED /* ViewController.m */ = {isa = PBXFileReference; lastKnownFileType = sourcecode.c.objc; path = ViewController.m; sourceTree = "<group>"; };
		E01189FC1E00F19700C9E3ED /* Base */ = {isa = PBXFileReference; lastKnownFileType = file.storyboard; name = Base; path = Base.lproj/Main.storyboard; sourceTree = "<group>"; };
		E01189FE1E00F19700C9E3ED /* Assets.xcassets */ = {isa = PBXFileReference; lastKnownFileType = folder.assetcatalog; path = Assets.xcassets; sourceTree = "<group>"; };
		E0118A011E00F19700C9E3ED /* Base */ = {isa = PBXFileReference; lastKnownFileType = file.storyboard; name = Base; path = Base.lproj/LaunchScreen.storyboard; sourceTree = "<group>"; };
		E0118A031E00F19700C9E3ED /* Info.plist */ = {isa = PBXFileReference; lastKnownFileType = text.plist.xml; path = Info.plist; sourceTree = "<group>"; };
		E04EEF4B1E125F8800AE5809 /* UITableView+SDAutoTableViewCellHeight.h */ = {isa = PBXFileReference; fileEncoding = 4; lastKnownFileType = sourcecode.c.h; path = "UITableView+SDAutoTableViewCellHeight.h"; sourceTree = "<group>"; };
		E04EEF4C1E125F8800AE5809 /* UITableView+SDAutoTableViewCellHeight.m */ = {isa = PBXFileReference; fileEncoding = 4; lastKnownFileType = sourcecode.c.objc; path = "UITableView+SDAutoTableViewCellHeight.m"; sourceTree = "<group>"; };
		E04EEF4D1E125F8800AE5809 /* UIView+SDAutoLayout.h */ = {isa = PBXFileReference; fileEncoding = 4; lastKnownFileType = sourcecode.c.h; path = "UIView+SDAutoLayout.h"; sourceTree = "<group>"; };
		E04EEF4E1E125F8800AE5809 /* UIView+SDAutoLayout.m */ = {isa = PBXFileReference; fileEncoding = 4; lastKnownFileType = sourcecode.c.objc; path = "UIView+SDAutoLayout.m"; sourceTree = "<group>"; };
		E08839311E1351E2009198A4 /* CRNetTool.h */ = {isa = PBXFileReference; fileEncoding = 4; lastKnownFileType = sourcecode.c.h; path = CRNetTool.h; sourceTree = "<group>"; };
		E08839321E1351E2009198A4 /* CRNetTool.m */ = {isa = PBXFileReference; fileEncoding = 4; lastKnownFileType = sourcecode.c.objc; path = CRNetTool.m; sourceTree = "<group>"; };
		E08839341E1368E0009198A4 /* MOAParamModel.h */ = {isa = PBXFileReference; fileEncoding = 4; lastKnownFileType = sourcecode.c.h; path = MOAParamModel.h; sourceTree = "<group>"; };
		E08839351E1368E0009198A4 /* MOAParamModel.m */ = {isa = PBXFileReference; fileEncoding = 4; lastKnownFileType = sourcecode.c.objc; path = MOAParamModel.m; sourceTree = "<group>"; };
		E088394F1E138E07009198A4 /* AFHTTPSessionManager.h */ = {isa = PBXFileReference; fileEncoding = 4; lastKnownFileType = sourcecode.c.h; path = AFHTTPSessionManager.h; sourceTree = "<group>"; };
		E08839501E138E07009198A4 /* AFHTTPSessionManager.m */ = {isa = PBXFileReference; fileEncoding = 4; lastKnownFileType = sourcecode.c.objc; path = AFHTTPSessionManager.m; sourceTree = "<group>"; };
		E08839511E138E07009198A4 /* AFNetworkActivityIndicatorManager.h */ = {isa = PBXFileReference; fileEncoding = 4; lastKnownFileType = sourcecode.c.h; path = AFNetworkActivityIndicatorManager.h; sourceTree = "<group>"; };
		E08839521E138E07009198A4 /* AFNetworkActivityIndicatorManager.m */ = {isa = PBXFileReference; fileEncoding = 4; lastKnownFileType = sourcecode.c.objc; path = AFNetworkActivityIndicatorManager.m; sourceTree = "<group>"; };
		E08839531E138E07009198A4 /* AFNetworking.h */ = {isa = PBXFileReference; fileEncoding = 4; lastKnownFileType = sourcecode.c.h; path = AFNetworking.h; sourceTree = "<group>"; };
		E08839541E138E07009198A4 /* AFNetworkReachabilityManager.h */ = {isa = PBXFileReference; fileEncoding = 4; lastKnownFileType = sourcecode.c.h; path = AFNetworkReachabilityManager.h; sourceTree = "<group>"; };
		E08839551E138E07009198A4 /* AFNetworkReachabilityManager.m */ = {isa = PBXFileReference; fileEncoding = 4; lastKnownFileType = sourcecode.c.objc; path = AFNetworkReachabilityManager.m; sourceTree = "<group>"; };
		E08839561E138E07009198A4 /* AFSecurityPolicy.h */ = {isa = PBXFileReference; fileEncoding = 4; lastKnownFileType = sourcecode.c.h; path = AFSecurityPolicy.h; sourceTree = "<group>"; };
		E08839571E138E07009198A4 /* AFSecurityPolicy.m */ = {isa = PBXFileReference; fileEncoding = 4; lastKnownFileType = sourcecode.c.objc; path = AFSecurityPolicy.m; sourceTree = "<group>"; };
		E08839581E138E07009198A4 /* AFURLRequestSerialization.h */ = {isa = PBXFileReference; fileEncoding = 4; lastKnownFileType = sourcecode.c.h; path = AFURLRequestSerialization.h; sourceTree = "<group>"; };
		E08839591E138E07009198A4 /* AFURLRequestSerialization.m */ = {isa = PBXFileReference; fileEncoding = 4; lastKnownFileType = sourcecode.c.objc; path = AFURLRequestSerialization.m; sourceTree = "<group>"; };
		E088395A1E138E07009198A4 /* AFURLResponseSerialization.h */ = {isa = PBXFileReference; fileEncoding = 4; lastKnownFileType = sourcecode.c.h; path = AFURLResponseSerialization.h; sourceTree = "<group>"; };
		E088395B1E138E07009198A4 /* AFURLResponseSerialization.m */ = {isa = PBXFileReference; fileEncoding = 4; lastKnownFileType = sourcecode.c.objc; path = AFURLResponseSerialization.m; sourceTree = "<group>"; };
		E088395C1E138E07009198A4 /* AFURLSessionManager.h */ = {isa = PBXFileReference; fileEncoding = 4; lastKnownFileType = sourcecode.c.h; path = AFURLSessionManager.h; sourceTree = "<group>"; };
		E088395D1E138E07009198A4 /* AFURLSessionManager.m */ = {isa = PBXFileReference; fileEncoding = 4; lastKnownFileType = sourcecode.c.objc; path = AFURLSessionManager.m; sourceTree = "<group>"; };
		E0ACC01A1E012DDF005FD9B2 /* LoginVC.h */ = {isa = PBXFileReference; fileEncoding = 4; lastKnownFileType = sourcecode.c.h; path = LoginVC.h; sourceTree = "<group>"; };
		E0ACC01B1E012DDF005FD9B2 /* LoginVC.m */ = {isa = PBXFileReference; fileEncoding = 4; lastKnownFileType = sourcecode.c.objc; path = LoginVC.m; sourceTree = "<group>"; };
		E0ACC02F1E0139E1005FD9B2 /* BaseNav.h */ = {isa = PBXFileReference; fileEncoding = 4; lastKnownFileType = sourcecode.c.h; path = BaseNav.h; sourceTree = "<group>"; };
		E0ACC0301E0139E1005FD9B2 /* BaseNav.m */ = {isa = PBXFileReference; fileEncoding = 4; lastKnownFileType = sourcecode.c.objc; path = BaseNav.m; sourceTree = "<group>"; };
		E0ACC0371E0142F0005FD9B2 /* HomeVC.h */ = {isa = PBXFileReference; fileEncoding = 4; lastKnownFileType = sourcecode.c.h; path = HomeVC.h; sourceTree = "<group>"; };
		E0ACC0381E0142F0005FD9B2 /* HomeVC.m */ = {isa = PBXFileReference; fileEncoding = 4; lastKnownFileType = sourcecode.c.objc; path = HomeVC.m; sourceTree = "<group>"; };
		E0ACC03A1E01470B005FD9B2 /* LoginModel.h */ = {isa = PBXFileReference; fileEncoding = 4; lastKnownFileType = sourcecode.c.h; path = LoginModel.h; sourceTree = "<group>"; };
		E0ACC03B1E01470B005FD9B2 /* LoginModel.m */ = {isa = PBXFileReference; fileEncoding = 4; lastKnownFileType = sourcecode.c.objc; path = LoginModel.m; sourceTree = "<group>"; };
		E0ACC03D1E014722005FD9B2 /* LoginView.h */ = {isa = PBXFileReference; fileEncoding = 4; lastKnownFileType = sourcecode.c.h; path = LoginView.h; sourceTree = "<group>"; };
		E0ACC03E1E014722005FD9B2 /* LoginView.m */ = {isa = PBXFileReference; fileEncoding = 4; lastKnownFileType = sourcecode.c.objc; path = LoginView.m; sourceTree = "<group>"; };
		E0E44F6C1E10CB120028763D /* WCRPrefixHeader.pch */ = {isa = PBXFileReference; fileEncoding = 4; lastKnownFileType = sourcecode.c.h; path = WCRPrefixHeader.pch; sourceTree = "<group>"; };
		E0E6D5571E13A717004CE190 /* CXMLDocument_CreationExtensions.h */ = {isa = PBXFileReference; fileEncoding = 4; lastKnownFileType = sourcecode.c.h; path = CXMLDocument_CreationExtensions.h; sourceTree = "<group>"; };
		E0E6D5581E13A717004CE190 /* CXMLDocument_CreationExtensions.m */ = {isa = PBXFileReference; fileEncoding = 4; lastKnownFileType = sourcecode.c.objc; path = CXMLDocument_CreationExtensions.m; sourceTree = "<group>"; };
		E0E6D5591E13A717004CE190 /* CXMLNode_CreationExtensions.h */ = {isa = PBXFileReference; fileEncoding = 4; lastKnownFileType = sourcecode.c.h; path = CXMLNode_CreationExtensions.h; sourceTree = "<group>"; };
		E0E6D55A1E13A717004CE190 /* CXMLNode_CreationExtensions.m */ = {isa = PBXFileReference; fileEncoding = 4; lastKnownFileType = sourcecode.c.objc; path = CXMLNode_CreationExtensions.m; sourceTree = "<group>"; };
		E0E6D55B1E13A717004CE190 /* CXHTMLDocument.h */ = {isa = PBXFileReference; fileEncoding = 4; lastKnownFileType = sourcecode.c.h; path = CXHTMLDocument.h; sourceTree = "<group>"; };
		E0E6D55C1E13A717004CE190 /* CXHTMLDocument.m */ = {isa = PBXFileReference; fileEncoding = 4; lastKnownFileType = sourcecode.c.objc; path = CXHTMLDocument.m; sourceTree = "<group>"; };
		E0E6D55D1E13A717004CE190 /* CXMLDocument.h */ = {isa = PBXFileReference; fileEncoding = 4; lastKnownFileType = sourcecode.c.h; path = CXMLDocument.h; sourceTree = "<group>"; };
		E0E6D55E1E13A717004CE190 /* CXMLDocument.m */ = {isa = PBXFileReference; fileEncoding = 4; lastKnownFileType = sourcecode.c.objc; path = CXMLDocument.m; sourceTree = "<group>"; };
		E0E6D55F1E13A717004CE190 /* CXMLDocument_PrivateExtensions.h */ = {isa = PBXFileReference; fileEncoding = 4; lastKnownFileType = sourcecode.c.h; path = CXMLDocument_PrivateExtensions.h; sourceTree = "<group>"; };
		E0E6D5601E13A717004CE190 /* CXMLDocument_PrivateExtensions.m */ = {isa = PBXFileReference; fileEncoding = 4; lastKnownFileType = sourcecode.c.objc; path = CXMLDocument_PrivateExtensions.m; sourceTree = "<group>"; };
		E0E6D5611E13A717004CE190 /* CXMLElement.h */ = {isa = PBXFileReference; fileEncoding = 4; lastKnownFileType = sourcecode.c.h; path = CXMLElement.h; sourceTree = "<group>"; };
		E0E6D5621E13A717004CE190 /* CXMLElement.m */ = {isa = PBXFileReference; fileEncoding = 4; lastKnownFileType = sourcecode.c.objc; path = CXMLElement.m; sourceTree = "<group>"; };
		E0E6D5631E13A717004CE190 /* CXMLElement_CreationExtensions.h */ = {isa = PBXFileReference; fileEncoding = 4; lastKnownFileType = sourcecode.c.h; path = CXMLElement_CreationExtensions.h; sourceTree = "<group>"; };
		E0E6D5641E13A717004CE190 /* CXMLElement_CreationExtensions.m */ = {isa = PBXFileReference; fileEncoding = 4; lastKnownFileType = sourcecode.c.objc; path = CXMLElement_CreationExtensions.m; sourceTree = "<group>"; };
		E0E6D5651E13A717004CE190 /* CXMLElement_ElementTreeExtensions.h */ = {isa = PBXFileReference; fileEncoding = 4; lastKnownFileType = sourcecode.c.h; path = CXMLElement_ElementTreeExtensions.h; sourceTree = "<group>"; };
		E0E6D5661E13A717004CE190 /* CXMLElement_ElementTreeExtensions.m */ = {isa = PBXFileReference; fileEncoding = 4; lastKnownFileType = sourcecode.c.objc; path = CXMLElement_ElementTreeExtensions.m; sourceTree = "<group>"; };
		E0E6D5671E13A717004CE190 /* CXMLNamespaceNode.h */ = {isa = PBXFileReference; fileEncoding = 4; lastKnownFileType = sourcecode.c.h; path = CXMLNamespaceNode.h; sourceTree = "<group>"; };
		E0E6D5681E13A717004CE190 /* CXMLNamespaceNode.m */ = {isa = PBXFileReference; fileEncoding = 4; lastKnownFileType = sourcecode.c.objc; path = CXMLNamespaceNode.m; sourceTree = "<group>"; };
		E0E6D5691E13A717004CE190 /* CXMLNode.h */ = {isa = PBXFileReference; fileEncoding = 4; lastKnownFileType = sourcecode.c.h; path = CXMLNode.h; sourceTree = "<group>"; };
		E0E6D56A1E13A717004CE190 /* CXMLNode.m */ = {isa = PBXFileReference; fileEncoding = 4; lastKnownFileType = sourcecode.c.objc; path = CXMLNode.m; sourceTree = "<group>"; };
		E0E6D56B1E13A717004CE190 /* CXMLNode_PrivateExtensions.h */ = {isa = PBXFileReference; fileEncoding = 4; lastKnownFileType = sourcecode.c.h; path = CXMLNode_PrivateExtensions.h; sourceTree = "<group>"; };
		E0E6D56C1E13A717004CE190 /* CXMLNode_PrivateExtensions.m */ = {isa = PBXFileReference; fileEncoding = 4; lastKnownFileType = sourcecode.c.objc; path = CXMLNode_PrivateExtensions.m; sourceTree = "<group>"; };
		E0E6D56D1E13A717004CE190 /* CXMLNode_XPathExtensions.h */ = {isa = PBXFileReference; fileEncoding = 4; lastKnownFileType = sourcecode.c.h; path = CXMLNode_XPathExtensions.h; sourceTree = "<group>"; };
		E0E6D56E1E13A717004CE190 /* CXMLNode_XPathExtensions.m */ = {isa = PBXFileReference; fileEncoding = 4; lastKnownFileType = sourcecode.c.objc; path = CXMLNode_XPathExtensions.m; sourceTree = "<group>"; };
		E0E6D56F1E13A717004CE190 /* CXMLUnsupportedNode.h */ = {isa = PBXFileReference; fileEncoding = 4; lastKnownFileType = sourcecode.c.h; path = CXMLUnsupportedNode.h; sourceTree = "<group>"; };
		E0E6D5701E13A717004CE190 /* CXMLUnsupportedNode.m */ = {isa = PBXFileReference; fileEncoding = 4; lastKnownFileType = sourcecode.c.objc; path = CXMLUnsupportedNode.m; sourceTree = "<group>"; };
		E0E6D5721E13A717004CE190 /* CTidy.h */ = {isa = PBXFileReference; fileEncoding = 4; lastKnownFileType = sourcecode.c.h; path = CTidy.h; sourceTree = "<group>"; };
		E0E6D5731E13A717004CE190 /* CTidy.m */ = {isa = PBXFileReference; fileEncoding = 4; lastKnownFileType = sourcecode.c.objc; path = CTidy.m; sourceTree = "<group>"; };
		E0E6D5741E13A717004CE190 /* TouchXML.h */ = {isa = PBXFileReference; fileEncoding = 4; lastKnownFileType = sourcecode.c.h; path = TouchXML.h; sourceTree = "<group>"; };
		E0E6D5831E13B983004CE190 /* LoginParser.h */ = {isa = PBXFileReference; fileEncoding = 4; lastKnownFileType = sourcecode.c.h; path = LoginParser.h; sourceTree = "<group>"; };
		E0E6D5841E13B983004CE190 /* LoginParser.m */ = {isa = PBXFileReference; fileEncoding = 4; lastKnownFileType = sourcecode.c.objc; path = LoginParser.m; sourceTree = "<group>"; };
/* End PBXFileReference section */

/* Begin PBXFrameworksBuildPhase section */
		E01189EC1E00F19600C9E3ED /* Frameworks */ = {
			isa = PBXFrameworksBuildPhase;
			buildActionMask = 2147483647;
			files = (
			);
			runOnlyForDeploymentPostprocessing = 0;
		};
/* End PBXFrameworksBuildPhase section */

/* Begin PBXGroup section */
		E01189E61E00F19600C9E3ED = {
			isa = PBXGroup;
			children = (
				E01189F11E00F19700C9E3ED /* WCR-MOA */,
				E01189F01E00F19700C9E3ED /* Products */,
			);
			sourceTree = "<group>";
		};
		E01189F01E00F19700C9E3ED /* Products */ = {
			isa = PBXGroup;
			children = (
				E01189EF1E00F19700C9E3ED /* WCR-MOA.app */,
			);
			name = Products;
			sourceTree = "<group>";
		};
		E01189F11E00F19700C9E3ED /* WCR-MOA */ = {
			isa = PBXGroup;
			children = (
				E08839301E1351CD009198A4 /* NetTool */,
				E04EEF481E125ED000AE5809 /* otherLib */,
				E0ACC01D1E012E7C005FD9B2 /* Base */,
				E0ACC0321E0142B5005FD9B2 /* Home */,
				E0ACC0151E012D29005FD9B2 /* Login */,
				E01189F51E00F19700C9E3ED /* AppDelegate.h */,
				E01189F61E00F19700C9E3ED /* AppDelegate.m */,
				E01189F81E00F19700C9E3ED /* ViewController.h */,
				E01189F91E00F19700C9E3ED /* ViewController.m */,
				E01189FB1E00F19700C9E3ED /* Main.storyboard */,
				E01189FE1E00F19700C9E3ED /* Assets.xcassets */,
				E0118A001E00F19700C9E3ED /* LaunchScreen.storyboard */,
				E0118A031E00F19700C9E3ED /* Info.plist */,
				E01189F21E00F19700C9E3ED /* Supporting Files */,
				E0E44F6C1E10CB120028763D /* WCRPrefixHeader.pch */,
			);
			path = "WCR-MOA";
			sourceTree = "<group>";
		};
		E01189F21E00F19700C9E3ED /* Supporting Files */ = {
			isa = PBXGroup;
			children = (
				E01189F31E00F19700C9E3ED /* main.m */,
			);
			name = "Supporting Files";
			sourceTree = "<group>";
		};
		E04EEF481E125ED000AE5809 /* otherLib */ = {
			isa = PBXGroup;
			children = (
				E0E6D5541E13A717004CE190 /* TouchXml */,
				E08838FC1E1349CB009198A4 /* afn */,
				E04EEF4A1E125F8800AE5809 /* SDAutoLayout */,
			);
			name = otherLib;
			path = Class/otherLib;
			sourceTree = "<group>";
		};
		E04EEF4A1E125F8800AE5809 /* SDAutoLayout */ = {
			isa = PBXGroup;
			children = (
				E04EEF4B1E125F8800AE5809 /* UITableView+SDAutoTableViewCellHeight.h */,
				E04EEF4C1E125F8800AE5809 /* UITableView+SDAutoTableViewCellHeight.m */,
				E04EEF4D1E125F8800AE5809 /* UIView+SDAutoLayout.h */,
				E04EEF4E1E125F8800AE5809 /* UIView+SDAutoLayout.m */,
			);
			path = SDAutoLayout;
			sourceTree = "<group>";
		};
		E08838FC1E1349CB009198A4 /* afn */ = {
			isa = PBXGroup;
			children = (
				E088394E1E138E07009198A4 /* AFNetworking-3.1.0 */,
			);
			path = afn;
			sourceTree = "<group>";
		};
		E08839301E1351CD009198A4 /* NetTool */ = {
			isa = PBXGroup;
			children = (
				E08839311E1351E2009198A4 /* CRNetTool.h */,
				E08839321E1351E2009198A4 /* CRNetTool.m */,
				E08839341E1368E0009198A4 /* MOAParamModel.h */,
				E08839351E1368E0009198A4 /* MOAParamModel.m */,
			);
			name = NetTool;
			path = Class/NetTool;
			sourceTree = "<group>";
		};
		E088394E1E138E07009198A4 /* AFNetworking-3.1.0 */ = {
			isa = PBXGroup;
			children = (
				E088394F1E138E07009198A4 /* AFHTTPSessionManager.h */,
				E08839501E138E07009198A4 /* AFHTTPSessionManager.m */,
				E08839511E138E07009198A4 /* AFNetworkActivityIndicatorManager.h */,
				E08839521E138E07009198A4 /* AFNetworkActivityIndicatorManager.m */,
				E08839531E138E07009198A4 /* AFNetworking.h */,
				E08839541E138E07009198A4 /* AFNetworkReachabilityManager.h */,
				E08839551E138E07009198A4 /* AFNetworkReachabilityManager.m */,
				E08839561E138E07009198A4 /* AFSecurityPolicy.h */,
				E08839571E138E07009198A4 /* AFSecurityPolicy.m */,
				E08839581E138E07009198A4 /* AFURLRequestSerialization.h */,
				E08839591E138E07009198A4 /* AFURLRequestSerialization.m */,
				E088395A1E138E07009198A4 /* AFURLResponseSerialization.h */,
				E088395B1E138E07009198A4 /* AFURLResponseSerialization.m */,
				E088395C1E138E07009198A4 /* AFURLSessionManager.h */,
				E088395D1E138E07009198A4 /* AFURLSessionManager.m */,
			);
			path = "AFNetworking-3.1.0";
			sourceTree = "<group>";
		};
		E0ACC0151E012D29005FD9B2 /* Login */ = {
			isa = PBXGroup;
			children = (
				E0ACC0191E012D74005FD9B2 /* PaserXml */,
				E0ACC0161E012D29005FD9B2 /* Controller */,
				E0ACC0171E012D29005FD9B2 /* Model */,
				E0ACC0181E012D29005FD9B2 /* View */,
			);
			name = Login;
			path = Class/Login;
			sourceTree = "<group>";
		};
		E0ACC0161E012D29005FD9B2 /* Controller */ = {
			isa = PBXGroup;
			children = (
				E0ACC01A1E012DDF005FD9B2 /* LoginVC.h */,
				E0ACC01B1E012DDF005FD9B2 /* LoginVC.m */,
			);
			path = Controller;
			sourceTree = "<group>";
		};
		E0ACC0171E012D29005FD9B2 /* Model */ = {
			isa = PBXGroup;
			children = (
				E0ACC03A1E01470B005FD9B2 /* LoginModel.h */,
				E0ACC03B1E01470B005FD9B2 /* LoginModel.m */,
			);
			path = Model;
			sourceTree = "<group>";
		};
		E0ACC0181E012D29005FD9B2 /* View */ = {
			isa = PBXGroup;
			children = (
				E0ACC03D1E014722005FD9B2 /* LoginView.h */,
				E0ACC03E1E014722005FD9B2 /* LoginView.m */,
			);
			path = View;
			sourceTree = "<group>";
		};
		E0ACC0191E012D74005FD9B2 /* PaserXml */ = {
			isa = PBXGroup;
			children = (
				E0E6D5831E13B983004CE190 /* LoginParser.h */,
				E0E6D5841E13B983004CE190 /* LoginParser.m */,
			);
			path = PaserXml;
			sourceTree = "<group>";
		};
		E0ACC01D1E012E7C005FD9B2 /* Base */ = {
			isa = PBXGroup;
			children = (
				E0ACC01E1E012E7C005FD9B2 /* Controller */,
				E0ACC0211E012E7C005FD9B2 /* Model */,
				E0ACC0221E012E7C005FD9B2 /* PaserXml */,
				E0ACC0231E012E7C005FD9B2 /* View */,
			);
			name = Base;
			path = Class/Base;
			sourceTree = "<group>";
		};
		E0ACC01E1E012E7C005FD9B2 /* Controller */ = {
			isa = PBXGroup;
			children = (
				E0ACC02F1E0139E1005FD9B2 /* BaseNav.h */,
				E0ACC0301E0139E1005FD9B2 /* BaseNav.m */,
			);
			path = Controller;
			sourceTree = "<group>";
		};
		E0ACC0211E012E7C005FD9B2 /* Model */ = {
			isa = PBXGroup;
			children = (
			);
			path = Model;
			sourceTree = "<group>";
		};
		E0ACC0221E012E7C005FD9B2 /* PaserXml */ = {
			isa = PBXGroup;
			children = (
			);
			path = PaserXml;
			sourceTree = "<group>";
		};
		E0ACC0231E012E7C005FD9B2 /* View */ = {
			isa = PBXGroup;
			children = (
			);
			path = View;
			sourceTree = "<group>";
		};
		E0ACC0321E0142B5005FD9B2 /* Home */ = {
			isa = PBXGroup;
			children = (
				E0ACC0331E0142B5005FD9B2 /* Controller */,
				E0ACC0341E0142B5005FD9B2 /* Model */,
				E0ACC0351E0142B5005FD9B2 /* PaserXml */,
				E0ACC0361E0142B5005FD9B2 /* View */,
			);
			name = Home;
			path = Class/Home;
			sourceTree = "<group>";
		};
		E0ACC0331E0142B5005FD9B2 /* Controller */ = {
			isa = PBXGroup;
			children = (
				E0ACC0371E0142F0005FD9B2 /* HomeVC.h */,
				E0ACC0381E0142F0005FD9B2 /* HomeVC.m */,
			);
			path = Controller;
			sourceTree = "<group>";
		};
		E0ACC0341E0142B5005FD9B2 /* Model */ = {
			isa = PBXGroup;
			children = (
			);
			path = Model;
			sourceTree = "<group>";
		};
		E0ACC0351E0142B5005FD9B2 /* PaserXml */ = {
			isa = PBXGroup;
			children = (
			);
			path = PaserXml;
			sourceTree = "<group>";
		};
		E0ACC0361E0142B5005FD9B2 /* View */ = {
			isa = PBXGroup;
			children = (
			);
			path = View;
			sourceTree = "<group>";
		};
		E0E6D5541E13A717004CE190 /* TouchXml */ = {
			isa = PBXGroup;
			children = (
				E0E6D5551E13A717004CE190 /* Source */,
			);
			path = TouchXml;
			sourceTree = "<group>";
		};
		E0E6D5551E13A717004CE190 /* Source */ = {
			isa = PBXGroup;
			children = (
				E0E6D5561E13A717004CE190 /* Creation */,
				E0E6D55B1E13A717004CE190 /* CXHTMLDocument.h */,
				E0E6D55C1E13A717004CE190 /* CXHTMLDocument.m */,
				E0E6D55D1E13A717004CE190 /* CXMLDocument.h */,
				E0E6D55E1E13A717004CE190 /* CXMLDocument.m */,
				E0E6D55F1E13A717004CE190 /* CXMLDocument_PrivateExtensions.h */,
				E0E6D5601E13A717004CE190 /* CXMLDocument_PrivateExtensions.m */,
				E0E6D5611E13A717004CE190 /* CXMLElement.h */,
				E0E6D5621E13A717004CE190 /* CXMLElement.m */,
				E0E6D5631E13A717004CE190 /* CXMLElement_CreationExtensions.h */,
				E0E6D5641E13A717004CE190 /* CXMLElement_CreationExtensions.m */,
				E0E6D5651E13A717004CE190 /* CXMLElement_ElementTreeExtensions.h */,
				E0E6D5661E13A717004CE190 /* CXMLElement_ElementTreeExtensions.m */,
				E0E6D5671E13A717004CE190 /* CXMLNamespaceNode.h */,
				E0E6D5681E13A717004CE190 /* CXMLNamespaceNode.m */,
				E0E6D5691E13A717004CE190 /* CXMLNode.h */,
				E0E6D56A1E13A717004CE190 /* CXMLNode.m */,
				E0E6D56B1E13A717004CE190 /* CXMLNode_PrivateExtensions.h */,
				E0E6D56C1E13A717004CE190 /* CXMLNode_PrivateExtensions.m */,
				E0E6D56D1E13A717004CE190 /* CXMLNode_XPathExtensions.h */,
				E0E6D56E1E13A717004CE190 /* CXMLNode_XPathExtensions.m */,
				E0E6D56F1E13A717004CE190 /* CXMLUnsupportedNode.h */,
				E0E6D5701E13A717004CE190 /* CXMLUnsupportedNode.m */,
				E0E6D5711E13A717004CE190 /* Tidy */,
				E0E6D5741E13A717004CE190 /* TouchXML.h */,
			);
			path = Source;
			sourceTree = "<group>";
		};
		E0E6D5561E13A717004CE190 /* Creation */ = {
			isa = PBXGroup;
			children = (
				E0E6D5571E13A717004CE190 /* CXMLDocument_CreationExtensions.h */,
				E0E6D5581E13A717004CE190 /* CXMLDocument_CreationExtensions.m */,
				E0E6D5591E13A717004CE190 /* CXMLNode_CreationExtensions.h */,
				E0E6D55A1E13A717004CE190 /* CXMLNode_CreationExtensions.m */,
			);
			path = Creation;
			sourceTree = "<group>";
		};
		E0E6D5711E13A717004CE190 /* Tidy */ = {
			isa = PBXGroup;
			children = (
				E0E6D5721E13A717004CE190 /* CTidy.h */,
				E0E6D5731E13A717004CE190 /* CTidy.m */,
			);
			path = Tidy;
			sourceTree = "<group>";
		};
/* End PBXGroup section */

/* Begin PBXNativeTarget section */
		E01189EE1E00F19600C9E3ED /* WCR-MOA */ = {
			isa = PBXNativeTarget;
			buildConfigurationList = E0118A061E00F19700C9E3ED /* Build configuration list for PBXNativeTarget "WCR-MOA" */;
			buildPhases = (
				E01189EB1E00F19600C9E3ED /* Sources */,
				E01189EC1E00F19600C9E3ED /* Frameworks */,
				E01189ED1E00F19600C9E3ED /* Resources */,
			);
			buildRules = (
			);
			dependencies = (
			);
			name = "WCR-MOA";
			productName = "WCR-MOA";
			productReference = E01189EF1E00F19700C9E3ED /* WCR-MOA.app */;
			productType = "com.apple.product-type.application";
		};
/* End PBXNativeTarget section */

/* Begin PBXProject section */
		E01189E71E00F19600C9E3ED /* Project object */ = {
			isa = PBXProject;
			attributes = {
				LastUpgradeCheck = 0800;
				ORGANIZATIONNAME = Alijoin;
				TargetAttributes = {
					E01189EE1E00F19600C9E3ED = {
						CreatedOnToolsVersion = 8.0;
						DevelopmentTeam = UGN63MY6MM;
						ProvisioningStyle = Automatic;
					};
				};
			};
			buildConfigurationList = E01189EA1E00F19600C9E3ED /* Build configuration list for PBXProject "WCR-MOA" */;
			compatibilityVersion = "Xcode 3.2";
			developmentRegion = English;
			hasScannedForEncodings = 0;
			knownRegions = (
				en,
				Base,
			);
			mainGroup = E01189E61E00F19600C9E3ED;
			productRefGroup = E01189F01E00F19700C9E3ED /* Products */;
			projectDirPath = "";
			projectRoot = "";
			targets = (
				E01189EE1E00F19600C9E3ED /* WCR-MOA */,
			);
		};
/* End PBXProject section */

/* Begin PBXResourcesBuildPhase section */
		E01189ED1E00F19600C9E3ED /* Resources */ = {
			isa = PBXResourcesBuildPhase;
			buildActionMask = 2147483647;
			files = (
				E0118A021E00F19700C9E3ED /* LaunchScreen.storyboard in Resources */,
				E01189FF1E00F19700C9E3ED /* Assets.xcassets in Resources */,
				E01189FD1E00F19700C9E3ED /* Main.storyboard in Resources */,
			);
			runOnlyForDeploymentPostprocessing = 0;
		};
/* End PBXResourcesBuildPhase section */

/* Begin PBXSourcesBuildPhase section */
		E01189EB1E00F19600C9E3ED /* Sources */ = {
			isa = PBXSourcesBuildPhase;
			buildActionMask = 2147483647;
			files = (
				E0E6D57E1E13A717004CE190 /* CXMLNode.m in Sources */,
				E0E6D57B1E13A717004CE190 /* CXMLElement_CreationExtensions.m in Sources */,
				E0ACC0311E0139E1005FD9B2 /* BaseNav.m in Sources */,
				E0E6D5751E13A717004CE190 /* CXMLDocument_CreationExtensions.m in Sources */,
				E0E6D5851E13B983004CE190 /* LoginParser.m in Sources */,
				E01189FA1E00F19700C9E3ED /* ViewController.m in Sources */,
				E08839331E1351E2009198A4 /* CRNetTool.m in Sources */,
				E0ACC03F1E014722005FD9B2 /* LoginView.m in Sources */,
				E01189F71E00F19700C9E3ED /* AppDelegate.m in Sources */,
				E04EEF501E125F8800AE5809 /* UIView+SDAutoLayout.m in Sources */,
				E0E6D57C1E13A717004CE190 /* CXMLElement_ElementTreeExtensions.m in Sources */,
				E0ACC0391E0142F0005FD9B2 /* HomeVC.m in Sources */,
				E0E6D5761E13A717004CE190 /* CXMLNode_CreationExtensions.m in Sources */,
				E08839601E138E07009198A4 /* AFNetworkReachabilityManager.m in Sources */,
				E08839361E1368E0009198A4 /* MOAParamModel.m in Sources */,
				E0ACC01C1E012DDF005FD9B2 /* LoginVC.m in Sources */,
				E0E6D5801E13A717004CE190 /* CXMLNode_XPathExtensions.m in Sources */,
				E0E6D57F1E13A717004CE190 /* CXMLNode_PrivateExtensions.m in Sources */,
				E08839641E138E07009198A4 /* AFURLSessionManager.m in Sources */,
				E08839631E138E07009198A4 /* AFURLResponseSerialization.m in Sources */,
				E0E6D5811E13A717004CE190 /* CXMLUnsupportedNode.m in Sources */,
				E0E6D5781E13A717004CE190 /* CXMLDocument.m in Sources */,
				E0E6D5821E13A717004CE190 /* CTidy.m in Sources */,
				E0E6D57D1E13A717004CE190 /* CXMLNamespaceNode.m in Sources */,
				E01189F41E00F19700C9E3ED /* main.m in Sources */,
				E0E6D5791E13A717004CE190 /* CXMLDocument_PrivateExtensions.m in Sources */,
				E04EEF4F1E125F8800AE5809 /* UITableView+SDAutoTableViewCellHeight.m in Sources */,
				E08839621E138E07009198A4 /* AFURLRequestSerialization.m in Sources */,
				E08839611E138E07009198A4 /* AFSecurityPolicy.m in Sources */,
				E0ACC03C1E01470B005FD9B2 /* LoginModel.m in Sources */,
				E0E6D57A1E13A717004CE190 /* CXMLElement.m in Sources */,
				E088395F1E138E07009198A4 /* AFNetworkActivityIndicatorManager.m in Sources */,
				E0E6D5771E13A717004CE190 /* CXHTMLDocument.m in Sources */,
				E088395E1E138E07009198A4 /* AFHTTPSessionManager.m in Sources */,
			);
			runOnlyForDeploymentPostprocessing = 0;
		};
/* End PBXSourcesBuildPhase section */

/* Begin PBXVariantGroup section */
		E01189FB1E00F19700C9E3ED /* Main.storyboard */ = {
			isa = PBXVariantGroup;
			children = (
				E01189FC1E00F19700C9E3ED /* Base */,
			);
			name = Main.storyboard;
			sourceTree = "<group>";
		};
		E0118A001E00F19700C9E3ED /* LaunchScreen.storyboard */ = {
			isa = PBXVariantGroup;
			children = (
				E0118A011E00F19700C9E3ED /* Base */,
			);
			name = LaunchScreen.storyboard;
			sourceTree = "<group>";
		};
/* End PBXVariantGroup section */

/* Begin XCBuildConfiguration section */
		E0118A041E00F19700C9E3ED /* Debug */ = {
			isa = XCBuildConfiguration;
			buildSettings = {
				ALWAYS_SEARCH_USER_PATHS = NO;
				CLANG_ANALYZER_NONNULL = YES;
				CLANG_CXX_LANGUAGE_STANDARD = "gnu++0x";
				CLANG_CXX_LIBRARY = "libc++";
				CLANG_ENABLE_MODULES = YES;
				CLANG_ENABLE_OBJC_ARC = YES;
				CLANG_WARN_BOOL_CONVERSION = YES;
				CLANG_WARN_CONSTANT_CONVERSION = YES;
				CLANG_WARN_DIRECT_OBJC_ISA_USAGE = YES_ERROR;
				CLANG_WARN_DOCUMENTATION_COMMENTS = YES;
				CLANG_WARN_EMPTY_BODY = YES;
				CLANG_WARN_ENUM_CONVERSION = YES;
				CLANG_WARN_INFINITE_RECURSION = YES;
				CLANG_WARN_INT_CONVERSION = YES;
				CLANG_WARN_OBJC_ROOT_CLASS = YES_ERROR;
				CLANG_WARN_SUSPICIOUS_MOVES = YES;
				CLANG_WARN_UNREACHABLE_CODE = YES;
				CLANG_WARN__DUPLICATE_METHOD_MATCH = YES;
				"CODE_SIGN_IDENTITY[sdk=iphoneos*]" = "iPhone Developer";
				COPY_PHASE_STRIP = NO;
				DEBUG_INFORMATION_FORMAT = dwarf;
				ENABLE_STRICT_OBJC_MSGSEND = YES;
				ENABLE_TESTABILITY = YES;
				GCC_C_LANGUAGE_STANDARD = gnu99;
				GCC_DYNAMIC_NO_PIC = NO;
				GCC_NO_COMMON_BLOCKS = YES;
				GCC_OPTIMIZATION_LEVEL = 0;
				GCC_PREPROCESSOR_DEFINITIONS = (
					"DEBUG=1",
					"$(inherited)",
				);
				GCC_WARN_64_TO_32_BIT_CONVERSION = YES;
				GCC_WARN_ABOUT_RETURN_TYPE = YES_ERROR;
				GCC_WARN_UNDECLARED_SELECTOR = YES;
				GCC_WARN_UNINITIALIZED_AUTOS = YES_AGGRESSIVE;
				GCC_WARN_UNUSED_FUNCTION = YES;
				GCC_WARN_UNUSED_VARIABLE = YES;
				IPHONEOS_DEPLOYMENT_TARGET = 10.0;
				MTL_ENABLE_DEBUG_INFO = YES;
				ONLY_ACTIVE_ARCH = YES;
				SDKROOT = iphoneos;
			};
			name = Debug;
		};
		E0118A051E00F19700C9E3ED /* Release */ = {
			isa = XCBuildConfiguration;
			buildSettings = {
				ALWAYS_SEARCH_USER_PATHS = NO;
				CLANG_ANALYZER_NONNULL = YES;
				CLANG_CXX_LANGUAGE_STANDARD = "gnu++0x";
				CLANG_CXX_LIBRARY = "libc++";
				CLANG_ENABLE_MODULES = YES;
				CLANG_ENABLE_OBJC_ARC = YES;
				CLANG_WARN_BOOL_CONVERSION = YES;
				CLANG_WARN_CONSTANT_CONVERSION = YES;
				CLANG_WARN_DIRECT_OBJC_ISA_USAGE = YES_ERROR;
				CLANG_WARN_DOCUMENTATION_COMMENTS = YES;
				CLANG_WARN_EMPTY_BODY = YES;
				CLANG_WARN_ENUM_CONVERSION = YES;
				CLANG_WARN_INFINITE_RECURSION = YES;
				CLANG_WARN_INT_CONVERSION = YES;
				CLANG_WARN_OBJC_ROOT_CLASS = YES_ERROR;
				CLANG_WARN_SUSPICIOUS_MOVES = YES;
				CLANG_WARN_UNREACHABLE_CODE = YES;
				CLANG_WARN__DUPLICATE_METHOD_MATCH = YES;
				"CODE_SIGN_IDENTITY[sdk=iphoneos*]" = "iPhone Developer";
				COPY_PHASE_STRIP = NO;
				DEBUG_INFORMATION_FORMAT = "dwarf-with-dsym";
				ENABLE_NS_ASSERTIONS = NO;
				ENABLE_STRICT_OBJC_MSGSEND = YES;
				GCC_C_LANGUAGE_STANDARD = gnu99;
				GCC_NO_COMMON_BLOCKS = YES;
				GCC_WARN_64_TO_32_BIT_CONVERSION = YES;
				GCC_WARN_ABOUT_RETURN_TYPE = YES_ERROR;
				GCC_WARN_UNDECLARED_SELECTOR = YES;
				GCC_WARN_UNINITIALIZED_AUTOS = YES_AGGRESSIVE;
				GCC_WARN_UNUSED_FUNCTION = YES;
				GCC_WARN_UNUSED_VARIABLE = YES;
				IPHONEOS_DEPLOYMENT_TARGET = 10.0;
				MTL_ENABLE_DEBUG_INFO = NO;
				SDKROOT = iphoneos;
				VALIDATE_PRODUCT = YES;
			};
			name = Release;
		};
		E0118A071E00F19700C9E3ED /* Debug */ = {
			isa = XCBuildConfiguration;
			buildSettings = {
				ASSETCATALOG_COMPILER_APPICON_NAME = AppIcon;
				DEVELOPMENT_TEAM = UGN63MY6MM;
				GCC_PRECOMPILE_PREFIX_HEADER = YES;
				GCC_PREFIX_HEADER = "$(SRCROOT)/WCR-MOA/WCRPrefixHeader.pch";
				HEADER_SEARCH_PATHS = /usr/include/libxml2;
				INFOPLIST_FILE = "WCR-MOA/Info.plist";
				IPHONEOS_DEPLOYMENT_TARGET = 7.0;
				LD_RUNPATH_SEARCH_PATHS = "$(inherited) @executable_path/Frameworks";
				OTHER_LDFLAGS = "-lxml2";
				PRODUCT_BUNDLE_IDENTIFIER = "com.wcr.WCR-MOA";
				PRODUCT_NAME = "$(TARGET_NAME)";
			};
			name = Debug;
		};
		E0118A081E00F19700C9E3ED /* Release */ = {
			isa = XCBuildConfiguration;
			buildSettings = {
				ASSETCATALOG_COMPILER_APPICON_NAME = AppIcon;
				DEVELOPMENT_TEAM = UGN63MY6MM;
				GCC_PRECOMPILE_PREFIX_HEADER = YES;
				GCC_PREFIX_HEADER = "$(SRCROOT)/WCR-MOA/WCRPrefixHeader.pch";
				HEADER_SEARCH_PATHS = /usr/include/libxml2;
				INFOPLIST_FILE = "WCR-MOA/Info.plist";
				IPHONEOS_DEPLOYMENT_TARGET = 7.0;
				LD_RUNPATH_SEARCH_PATHS = "$(inherited) @executable_path/Frameworks";
				OTHER_LDFLAGS = "-lxml2";
				PRODUCT_BUNDLE_IDENTIFIER = "com.wcr.WCR-MOA";
				PRODUCT_NAME = "$(TARGET_NAME)";
			};
			name = Release;
		};
/* End XCBuildConfiguration section */

/* Begin XCConfigurationList section */
		E01189EA1E00F19600C9E3ED /* Build configuration list for PBXProject "WCR-MOA" */ = {
			isa = XCConfigurationList;
			buildConfigurations = (
				E0118A041E00F19700C9E3ED /* Debug */,
				E0118A051E00F19700C9E3ED /* Release */,
			);
			defaultConfigurationIsVisible = 0;
			defaultConfigurationName = Release;
		};
		E0118A061E00F19700C9E3ED /* Build configuration list for PBXNativeTarget "WCR-MOA" */ = {
			isa = XCConfigurationList;
			buildConfigurations = (
				E0118A071E00F19700C9E3ED /* Debug */,
				E0118A081E00F19700C9E3ED /* Release */,
			);
			defaultConfigurationIsVisible = 0;
			defaultConfigurationName = Release;
		};
/* End XCConfigurationList section */
	};
	rootObject = E01189E71E00F19600C9E3ED /* Project object */;
}
